{
  "version": 4,
  "terraform_version": "1.5.7",
  "serial": 30,
  "lineage": "90603eee-35a3-6538-500c-1394e00a91e5",
  "outputs": {},
  "resources": [
    {
      "mode": "managed",
      "type": "okta_app_group_assignment",
      "name": "app_legacy_group_assignment",
      "provider": "provider[\"registry.terraform.io/okta/okta\"]",
      "instances": [
        {
          "schema_version": 0,
          "attributes": {
            "app_id": "0oaoc1wynqRQ5wxtd5d7",
            "group_id": "00goc1ww2rucQztQq5d7",
            "id": "00goc1ww2rucQztQq5d7",
            "priority": 0,
            "profile": "{}",
            "retain_assignment": false,
            "timeouts": null
          },
          "sensitive_attributes": [],
          "private": "eyJlMmJmYjczMC1lY2FhLTExZTYtOGY4OC0zNDM2M2JjN2M0YzAiOnsiY3JlYXRlIjozNjAwMDAwMDAwMDAwLCJyZWFkIjozNjAwMDAwMDAwMDAwLCJ1cGRhdGUiOjM2MDAwMDAwMDAwMDB9fQ==",
          "dependencies": [
            "okta_app_oauth.app_legacy_dev",
            "okta_group.app_legacy"
          ]
        }
      ]
    },
    {
      "mode": "managed",
      "type": "okta_app_group_assignment",
      "name": "app_legacy_int_group_assignment",
      "provider": "provider[\"registry.terraform.io/okta/okta\"]",
      "instances": [
        {
          "schema_version": 0,
          "attributes": {
            "app_id": "0oaoc1zoepbZhnCYF5d7",
            "group_id": "00goc1ww2rucQztQq5d7",
            "id": "00goc1ww2rucQztQq5d7",
            "priority": 0,
            "profile": "{}",
            "retain_assignment": false,
            "timeouts": null
          },
          "sensitive_attributes": [],
          "private": "eyJlMmJmYjczMC1lY2FhLTExZTYtOGY4OC0zNDM2M2JjN2M0YzAiOnsiY3JlYXRlIjozNjAwMDAwMDAwMDAwLCJyZWFkIjozNjAwMDAwMDAwMDAwLCJ1cGRhdGUiOjM2MDAwMDAwMDAwMDB9fQ==",
          "dependencies": [
            "okta_app_oauth.app_legacy_int",
            "okta_group.app_legacy"
          ]
        }
      ]
    },
    {
      "mode": "managed",
      "type": "okta_app_oauth",
      "name": "app_legacy_dev",
      "provider": "provider[\"registry.terraform.io/okta/okta\"]",
      "instances": [
        {
          "schema_version": 0,
          "attributes": {
            "accessibility_error_redirect_url": "",
            "accessibility_login_redirect_url": "",
            "accessibility_self_service": false,
            "admin_note": "",
            "app_links_json": "{\"oidc_client_link\":true}",
            "app_settings_json": "{}",
            "authentication_policy": "rstobxnuyvcscnc6p5d7",
            "auto_key_rotation": true,
            "auto_submit_toolbar": false,
            "client_basic_secret": null,
            "client_id": "0oaoc1wynqRQ5wxtd5d7",
            "client_secret": "OrdAdWPcMrTEedfpZDk4h-nLKob1mSFoku1Vx9Ll_9VHg1neWkKHgzlDtGOQlv0Y",
            "client_uri": "",
            "consent_method": "REQUIRED",
            "enduser_note": "",
            "grant_types": [
              "authorization_code",
              "refresh_token"
            ],
            "groups_claim": [],
            "hide_ios": true,
            "hide_web": false,
            "id": "0oaoc1wynqRQ5wxtd5d7",
            "implicit_assignment": false,
            "issuer_mode": "ORG_URL",
            "jwks": [],
            "jwks_uri": "",
            "label": "APP Legacy DEV",
            "login_mode": "SPEC",
            "login_scopes": null,
            "login_uri": "https://localhost:8443/login",
            "logo": null,
            "logo_uri": "",
            "logo_url": "https://ok12static.oktacdn.com/assets/img/logos/default.6770228fb0dab49a1695ef440a5279bb.png",
            "name": "oidc_client",
            "omit_secret": false,
            "pkce_required": false,
            "policy_uri": "",
            "post_logout_redirect_uris": [
              "https://example.com"
            ],
            "profile": "",
            "redirect_uris": [
              "https://example.com/oauth2/callback"
            ],
            "refresh_token_leeway": 0,
            "refresh_token_rotation": "STATIC",
            "response_types": [
              "code"
            ],
            "sign_on_mode": "OPENID_CONNECT",
            "status": "ACTIVE",
            "timeouts": null,
            "token_endpoint_auth_method": "client_secret_basic",
            "tos_uri": "",
            "type": "web",
            "user_name_template": "${source.login}",
            "user_name_template_push_status": "",
            "user_name_template_suffix": "",
            "user_name_template_type": "BUILT_IN",
            "wildcard_redirect": "DISABLED"
          },
          "sensitive_attributes": [],
          "private": "eyJlMmJmYjczMC1lY2FhLTExZTYtOGY4OC0zNDM2M2JjN2M0YzAiOnsiY3JlYXRlIjozNjAwMDAwMDAwMDAwLCJyZWFkIjozNjAwMDAwMDAwMDAwLCJ1cGRhdGUiOjM2MDAwMDAwMDAwMDB9fQ=="
        }
      ]
    },
    {
      "mode": "managed",
      "type": "okta_app_oauth",
      "name": "app_legacy_int",
      "provider": "provider[\"registry.terraform.io/okta/okta\"]",
      "instances": [
        {
          "schema_version": 0,
          "attributes": {
            "accessibility_error_redirect_url": "",
            "accessibility_login_redirect_url": "",
            "accessibility_self_service": false,
            "admin_note": "",
            "app_links_json": "{\"oidc_client_link\":true}",
            "app_settings_json": "{}",
            "authentication_policy": "rstobxnuyvcscnc6p5d7",
            "auto_key_rotation": true,
            "auto_submit_toolbar": false,
            "client_basic_secret": null,
            "client_id": "0oaoc1zoepbZhnCYF5d7",
            "client_secret": "i4YA2GhRQyk1Asd_9Bklp7x8x5tGpkfOaDJe_yHSSbLe08BT4Df8XIsEfQlLNt_i",
            "client_uri": "",
            "consent_method": "REQUIRED",
            "enduser_note": "",
            "grant_types": [
              "authorization_code",
              "refresh_token"
            ],
            "groups_claim": [],
            "hide_ios": true,
            "hide_web": false,
            "id": "0oaoc1zoepbZhnCYF5d7",
            "implicit_assignment": false,
            "issuer_mode": "ORG_URL",
            "jwks": [],
            "jwks_uri": "",
            "label": "APP Legacy INT",
            "login_mode": "SPEC",
            "login_scopes": null,
            "login_uri": "https://localhost:8443/login",
            "logo": null,
            "logo_uri": "",
            "logo_url": "https://ok12static.oktacdn.com/assets/img/logos/default.6770228fb0dab49a1695ef440a5279bb.png",
            "name": "oidc_client",
            "omit_secret": false,
            "pkce_required": false,
            "policy_uri": "",
            "post_logout_redirect_uris": [
              "https://example.com"
            ],
            "profile": "",
            "redirect_uris": [
              "https://example.com/oauth2/callback"
            ],
            "refresh_token_leeway": 0,
            "refresh_token_rotation": "STATIC",
            "response_types": [
              "code"
            ],
            "sign_on_mode": "OPENID_CONNECT",
            "status": "ACTIVE",
            "timeouts": null,
            "token_endpoint_auth_method": "client_secret_basic",
            "tos_uri": "",
            "type": "web",
            "user_name_template": "${source.login}",
            "user_name_template_push_status": "",
            "user_name_template_suffix": "",
            "user_name_template_type": "BUILT_IN",
            "wildcard_redirect": "DISABLED"
          },
          "sensitive_attributes": [],
          "private": "eyJlMmJmYjczMC1lY2FhLTExZTYtOGY4OC0zNDM2M2JjN2M0YzAiOnsiY3JlYXRlIjozNjAwMDAwMDAwMDAwLCJyZWFkIjozNjAwMDAwMDAwMDAwLCJ1cGRhdGUiOjM2MDAwMDAwMDAwMDB9fQ=="
        }
      ]
    },
    {
      "mode": "managed",
      "type": "okta_app_oauth",
      "name": "app_legacy_qa",
      "provider": "provider[\"registry.terraform.io/okta/okta\"]",
      "instances": [
        {
          "schema_version": 0,
          "attributes": {
            "accessibility_error_redirect_url": "",
            "accessibility_login_redirect_url": "",
            "accessibility_self_service": false,
            "admin_note": "",
            "app_links_json": "{\"oidc_client_link\":true}",
            "app_settings_json": "{}",
            "authentication_policy": "rstobxnuyvcscnc6p5d7",
            "auto_key_rotation": true,
            "auto_submit_toolbar": false,
            "client_basic_secret": null,
            "client_id": "0oaoc1ubjywvWXycy5d7",
            "client_secret": "IiOs3I78cW56lSqZb3l2uGYw83JyrMy26z4DFFf48keoBOvgawY1NBAe6oStg5Zs",
            "client_uri": "",
            "consent_method": "REQUIRED",
            "enduser_note": "",
            "grant_types": [
              "authorization_code",
              "refresh_token"
            ],
            "groups_claim": [],
            "hide_ios": true,
            "hide_web": false,
            "id": "0oaoc1ubjywvWXycy5d7",
            "implicit_assignment": false,
            "issuer_mode": "ORG_URL",
            "jwks": [],
            "jwks_uri": "",
            "label": "APP Legacy QA",
            "login_mode": "SPEC",
            "login_scopes": null,
            "login_uri": "https://localhost:8443/login",
            "logo": null,
            "logo_uri": "",
            "logo_url": "https://ok12static.oktacdn.com/assets/img/logos/default.6770228fb0dab49a1695ef440a5279bb.png",
            "name": "oidc_client",
            "omit_secret": false,
            "pkce_required": false,
            "policy_uri": "",
            "post_logout_redirect_uris": [
              "https://example.com"
            ],
            "profile": "",
            "redirect_uris": [
              "https://example.com/oauth2/callback"
            ],
            "refresh_token_leeway": 0,
            "refresh_token_rotation": "STATIC",
            "response_types": [
              "code"
            ],
            "sign_on_mode": "OPENID_CONNECT",
            "status": "ACTIVE",
            "timeouts": null,
            "token_endpoint_auth_method": "client_secret_basic",
            "tos_uri": "",
            "type": "web",
            "user_name_template": "${source.login}",
            "user_name_template_push_status": "",
            "user_name_template_suffix": "",
            "user_name_template_type": "BUILT_IN",
            "wildcard_redirect": "DISABLED"
          },
          "sensitive_attributes": [],
          "private": "eyJlMmJmYjczMC1lY2FhLTExZTYtOGY4OC0zNDM2M2JjN2M0YzAiOnsiY3JlYXRlIjozNjAwMDAwMDAwMDAwLCJyZWFkIjozNjAwMDAwMDAwMDAwLCJ1cGRhdGUiOjM2MDAwMDAwMDAwMDB9fQ==",
          "dependencies": [
            "okta_group.app_legacy"
          ]
        }
      ]
    },
    {
      "mode": "managed",
      "type": "okta_group",
      "name": "app_legacy",
      "provider": "provider[\"registry.terraform.io/okta/okta\"]",
      "instances": [
        {
          "schema_version": 0,
          "attributes": {
            "custom_profile_attributes": "{}",
            "description": "",
            "id": "00goc1ww2rucQztQq5d7",
            "name": "APP_LEGACY_USERS_PR",
            "skip_users": false
          },
          "sensitive_attributes": [],
          "private": "bnVsbA=="
        }
      ]
    }
  ],
  "check_results": null
}
