{
  "version": 4,
  "terraform_version": "1.11.4",
  "serial": 203,
  "lineage": "90603eee-35a3-6538-500c-1394e00a91e5",
  "outputs": {},
  "resources": [
    {
      "mode": "managed",
      "type": "okta_group",
      "name": "app_legacy",
      "provider": "provider[\"registry.terraform.io/okta/okta\"]",
      "instances": [
        {
          "schema_version": 0,
          "attributes": {
            "custom_profile_attributes": "{}",
            "description": "",
            "id": "00gocn0s8cL1ZfOiE5d7",
            "name": "SERFF_LEGACY_USERS_PR",
            "skip_users": false
          },
          "sensitive_attributes": [],
          "private": "bnVsbA=="
        }
      ]
    },
    {
      "module": "module.app_legacy_oauth",
      "mode": "data",
      "type": "okta_policy",
      "name": "mfa_policy",
      "provider": "provider[\"registry.terraform.io/okta/okta\"]",
      "instances": [
        {
          "schema_version": 0,
          "attributes": {
            "id": "rstobxnuyvcscnc6p5d7",
            "name": "Any two factors",
            "status": "ACTIVE",
            "type": "ACCESS_POLICY"
          },
          "sensitive_attributes": []
        }
      ]
    },
    {
      "module": "module.app_legacy_oauth",
      "mode": "managed",
      "type": "okta_app_group_assignment",
      "name": "app_legacy_dev_group_assignment",
      "provider": "provider[\"registry.terraform.io/okta/okta\"]",
      "instances": [
        {
          "schema_version": 0,
          "attributes": {
            "app_id": "0oaocn07ht5sfd49v5d7",
            "group_id": "00gocn0s8cL1ZfOiE5d7",
            "id": "00gocn0s8cL1ZfOiE5d7",
            "priority": 0,
            "profile": "{}",
            "retain_assignment": false,
            "timeouts": null
          },
          "sensitive_attributes": [],
          "private": "eyJlMmJmYjczMC1lY2FhLTExZTYtOGY4OC0zNDM2M2JjN2M0YzAiOnsiY3JlYXRlIjozNjAwMDAwMDAwMDAwLCJyZWFkIjozNjAwMDAwMDAwMDAwLCJ1cGRhdGUiOjM2MDAwMDAwMDAwMDB9fQ==",
          "dependencies": [
            "module.app_legacy_oauth.data.okta_policy.mfa_policy",
            "module.app_legacy_oauth.okta_app_oauth.app_legacy_dev",
            "okta_group.app_legacy"
          ]
        }
      ]
    },
    {
      "module": "module.app_legacy_oauth",
      "mode": "managed",
      "type": "okta_app_group_assignment",
      "name": "app_legacy_int_group_assignment",
      "provider": "provider[\"registry.terraform.io/okta/okta\"]",
      "instances": [
        {
          "schema_version": 0,
          "attributes": {
            "app_id": "0oaocmzbutFLGrRCv5d7",
            "group_id": "00gocn0s8cL1ZfOiE5d7",
            "id": "00gocn0s8cL1ZfOiE5d7",
            "priority": 0,
            "profile": "{}",
            "retain_assignment": false,
            "timeouts": null
          },
          "sensitive_attributes": [],
          "private": "eyJlMmJmYjczMC1lY2FhLTExZTYtOGY4OC0zNDM2M2JjN2M0YzAiOnsiY3JlYXRlIjozNjAwMDAwMDAwMDAwLCJyZWFkIjozNjAwMDAwMDAwMDAwLCJ1cGRhdGUiOjM2MDAwMDAwMDAwMDB9fQ==",
          "dependencies": [
            "module.app_legacy_oauth.data.okta_policy.mfa_policy",
            "module.app_legacy_oauth.okta_app_oauth.app_legacy_int",
            "okta_group.app_legacy"
          ]
        }
      ]
    },
    {
      "module": "module.app_legacy_oauth",
      "mode": "managed",
      "type": "okta_app_group_assignment",
      "name": "app_legacy_qa_group_assignment",
      "provider": "provider[\"registry.terraform.io/okta/okta\"]",
      "instances": [
        {
          "schema_version": 0,
          "attributes": {
            "app_id": "0oaocmzbw7AqAA7KX5d7",
            "group_id": "00gocn0s8cL1ZfOiE5d7",
            "id": "00gocn0s8cL1ZfOiE5d7",
            "priority": 0,
            "profile": "{}",
            "retain_assignment": false,
            "timeouts": null
          },
          "sensitive_attributes": [],
          "private": "eyJlMmJmYjczMC1lY2FhLTExZTYtOGY4OC0zNDM2M2JjN2M0YzAiOnsiY3JlYXRlIjozNjAwMDAwMDAwMDAwLCJyZWFkIjozNjAwMDAwMDAwMDAwLCJ1cGRhdGUiOjM2MDAwMDAwMDAwMDB9fQ==",
          "dependencies": [
            "module.app_legacy_oauth.data.okta_policy.mfa_policy",
            "module.app_legacy_oauth.okta_app_oauth.app_legacy_qa",
            "okta_group.app_legacy"
          ]
        }
      ]
    },
    {
      "module": "module.app_legacy_oauth",
      "mode": "managed",
      "type": "okta_app_oauth",
      "name": "app_legacy_dev",
      "provider": "provider[\"registry.terraform.io/okta/okta\"]",
      "instances": [
        {
          "schema_version": 0,
          "attributes": {
            "accessibility_error_redirect_url": "",
            "accessibility_login_redirect_url": "",
            "accessibility_self_service": false,
            "admin_note": "",
            "app_links_json": "{\"oidc_client_link\":true}",
            "app_settings_json": "{}",
            "authentication_policy": "rstobxnuyvcscnc6p5d7",
            "auto_key_rotation": true,
            "auto_submit_toolbar": false,
            "client_basic_secret": null,
            "client_id": "0oaocn07ht5sfd49v5d7",
            "client_secret": "hz9lWyAQYYhTWw965x7n5ox0pD2MsZjNxWUtC4K7wsCV1HV8w0BPCaiZisoKBruk",
            "client_uri": "",
            "consent_method": "TRUSTED",
            "enduser_note": "",
            "grant_types": [
              "authorization_code",
              "refresh_token"
            ],
            "groups_claim": [],
            "hide_ios": true,
            "hide_web": false,
            "id": "0oaocn07ht5sfd49v5d7",
            "implicit_assignment": false,
            "issuer_mode": "ORG_URL",
            "jwks": [],
            "jwks_uri": "",
            "label": "SERFF Legacy DEV",
            "login_mode": "SPEC",
            "login_scopes": [],
            "login_uri": "https://localhost:8443/serff/login/sso.do",
            "logo": null,
            "logo_uri": "",
            "logo_url": "https://ok12static.oktacdn.com/assets/img/logos/default.6770228fb0dab49a1695ef440a5279bb.png",
            "name": "oidc_client",
            "omit_secret": false,
            "pkce_required": false,
            "policy_uri": "",
            "post_logout_redirect_uris": [],
            "profile": "",
            "redirect_uris": [
              "https://localhost:8443/serff/login/callback.do"
            ],
            "refresh_token_leeway": 0,
            "refresh_token_rotation": "STATIC",
            "response_types": [
              "code"
            ],
            "sign_on_mode": "OPENID_CONNECT",
            "status": "ACTIVE",
            "timeouts": null,
            "token_endpoint_auth_method": "client_secret_basic",
            "tos_uri": "",
            "type": "web",
            "user_name_template": "${source.login}",
            "user_name_template_push_status": "",
            "user_name_template_suffix": "",
            "user_name_template_type": "BUILT_IN",
            "wildcard_redirect": "DISABLED"
          },
          "sensitive_attributes": [
            [
              {
                "type": "get_attr",
                "value": "client_basic_secret"
              }
            ],
            [
              {
                "type": "get_attr",
                "value": "client_secret"
              }
            ]
          ],
          "private": "eyJlMmJmYjczMC1lY2FhLTExZTYtOGY4OC0zNDM2M2JjN2M0YzAiOnsiY3JlYXRlIjozNjAwMDAwMDAwMDAwLCJyZWFkIjozNjAwMDAwMDAwMDAwLCJ1cGRhdGUiOjM2MDAwMDAwMDAwMDB9fQ==",
          "dependencies": [
            "module.app_legacy_oauth.data.okta_policy.mfa_policy"
          ]
        }
      ]
    },
    {
      "module": "module.app_legacy_oauth",
      "mode": "managed",
      "type": "okta_app_oauth",
      "name": "app_legacy_int",
      "provider": "provider[\"registry.terraform.io/okta/okta\"]",
      "instances": [
        {
          "schema_version": 0,
          "attributes": {
            "accessibility_error_redirect_url": "",
            "accessibility_login_redirect_url": "",
            "accessibility_self_service": false,
            "admin_note": "",
            "app_links_json": "{\"oidc_client_link\":true}",
            "app_settings_json": "{}",
            "authentication_policy": "rstobxnuyvcscnc6p5d7",
            "auto_key_rotation": true,
            "auto_submit_toolbar": false,
            "client_basic_secret": null,
            "client_id": "0oaocmzbutFLGrRCv5d7",
            "client_secret": "hE0lHIEVJUx7WH3P0UC5rieJkiFnVJJ_uAj01tYx5zm8Hh5qEPZX-1y7RN6guRWe",
            "client_uri": "",
            "consent_method": "TRUSTED",
            "enduser_note": "",
            "grant_types": [
              "authorization_code",
              "refresh_token"
            ],
            "groups_claim": [],
            "hide_ios": true,
            "hide_web": false,
            "id": "0oaocmzbutFLGrRCv5d7",
            "implicit_assignment": false,
            "issuer_mode": "ORG_URL",
            "jwks": [],
            "jwks_uri": "",
            "label": "SERFF Legacy INT",
            "login_mode": "SPEC",
            "login_scopes": [],
            "login_uri": "https://localhost:8443/serff/login/sso.do",
            "logo": null,
            "logo_uri": "",
            "logo_url": "https://ok12static.oktacdn.com/assets/img/logos/default.6770228fb0dab49a1695ef440a5279bb.png",
            "name": "oidc_client",
            "omit_secret": false,
            "pkce_required": false,
            "policy_uri": "",
            "post_logout_redirect_uris": [],
            "profile": "",
            "redirect_uris": [
              "https://localhost:8443/serff/login/callback.do"
            ],
            "refresh_token_leeway": 0,
            "refresh_token_rotation": "STATIC",
            "response_types": [
              "code"
            ],
            "sign_on_mode": "OPENID_CONNECT",
            "status": "ACTIVE",
            "timeouts": null,
            "token_endpoint_auth_method": "client_secret_basic",
            "tos_uri": "",
            "type": "web",
            "user_name_template": "${source.login}",
            "user_name_template_push_status": "",
            "user_name_template_suffix": "",
            "user_name_template_type": "BUILT_IN",
            "wildcard_redirect": "DISABLED"
          },
          "sensitive_attributes": [
            [
              {
                "type": "get_attr",
                "value": "client_basic_secret"
              }
            ],
            [
              {
                "type": "get_attr",
                "value": "client_secret"
              }
            ]
          ],
          "private": "eyJlMmJmYjczMC1lY2FhLTExZTYtOGY4OC0zNDM2M2JjN2M0YzAiOnsiY3JlYXRlIjozNjAwMDAwMDAwMDAwLCJyZWFkIjozNjAwMDAwMDAwMDAwLCJ1cGRhdGUiOjM2MDAwMDAwMDAwMDB9fQ==",
          "dependencies": [
            "module.app_legacy_oauth.data.okta_policy.mfa_policy"
          ]
        }
      ]
    },
    {
      "module": "module.app_legacy_oauth",
      "mode": "managed",
      "type": "okta_app_oauth",
      "name": "app_legacy_qa",
      "provider": "provider[\"registry.terraform.io/okta/okta\"]",
      "instances": [
        {
          "schema_version": 0,
          "attributes": {
            "accessibility_error_redirect_url": "",
            "accessibility_login_redirect_url": "",
            "accessibility_self_service": false,
            "admin_note": "",
            "app_links_json": "{\"oidc_client_link\":true}",
            "app_settings_json": "{}",
            "authentication_policy": "rstobxnuyvcscnc6p5d7",
            "auto_key_rotation": true,
            "auto_submit_toolbar": false,
            "client_basic_secret": null,
            "client_id": "0oaocmzbw7AqAA7KX5d7",
            "client_secret": "DG_qdJidfne6tALLIcOZxLDsl0ZizFGHqI94LOK35NOciFBnJVnLJ4GbQVmF3MMk",
            "client_uri": "",
            "consent_method": "TRUSTED",
            "enduser_note": "",
            "grant_types": [
              "authorization_code",
              "refresh_token"
            ],
            "groups_claim": [],
            "hide_ios": true,
            "hide_web": false,
            "id": "0oaocmzbw7AqAA7KX5d7",
            "implicit_assignment": false,
            "issuer_mode": "ORG_URL",
            "jwks": [],
            "jwks_uri": "",
            "label": "SERFF Legacy QA",
            "login_mode": "SPEC",
            "login_scopes": [],
            "login_uri": "https://localhost:8443/serff/login/sso.do",
            "logo": null,
            "logo_uri": "",
            "logo_url": "https://ok12static.oktacdn.com/assets/img/logos/default.6770228fb0dab49a1695ef440a5279bb.png",
            "name": "oidc_client",
            "omit_secret": false,
            "pkce_required": false,
            "policy_uri": "",
            "post_logout_redirect_uris": [],
            "profile": "",
            "redirect_uris": [
              "https://localhost:8443/serff/login/callback.do"
            ],
            "refresh_token_leeway": 0,
            "refresh_token_rotation": "STATIC",
            "response_types": [
              "code"
            ],
            "sign_on_mode": "OPENID_CONNECT",
            "status": "ACTIVE",
            "timeouts": null,
            "token_endpoint_auth_method": "client_secret_basic",
            "tos_uri": "",
            "type": "web",
            "user_name_template": "${source.login}",
            "user_name_template_push_status": "",
            "user_name_template_suffix": "",
            "user_name_template_type": "BUILT_IN",
            "wildcard_redirect": "DISABLED"
          },
          "sensitive_attributes": [
            [
              {
                "type": "get_attr",
                "value": "client_basic_secret"
              }
            ],
            [
              {
                "type": "get_attr",
                "value": "client_secret"
              }
            ]
          ],
          "private": "eyJlMmJmYjczMC1lY2FhLTExZTYtOGY4OC0zNDM2M2JjN2M0YzAiOnsiY3JlYXRlIjozNjAwMDAwMDAwMDAwLCJyZWFkIjozNjAwMDAwMDAwMDAwLCJ1cGRhdGUiOjM2MDAwMDAwMDAwMDB9fQ==",
          "dependencies": [
            "module.app_legacy_oauth.data.okta_policy.mfa_policy"
          ]
        }
      ]
    },
    {
      "module": "module.okta_auth_server",
      "mode": "managed",
      "type": "okta_auth_server",
      "name": "custom_auth_server",
      "provider": "provider[\"registry.terraform.io/okta/okta\"]",
      "instances": [
        {
          "schema_version": 0,
          "attributes": {
            "audiences": [
              "serff.com"
            ],
            "credentials_last_rotated": "2025-06-11 18:01:11 +0000 UTC",
            "credentials_next_rotation": "2025-09-09 18:01:11 +0000 UTC",
            "credentials_rotation_mode": "AUTO",
            "description": "Authorization server for legacy applications",
            "id": "ausp4z5382CeHuzZA5d7",
            "issuer": "https://dev-76952744.okta.com/oauth2/ausp4z5382CeHuzZA5d7",
            "issuer_mode": "ORG_URL",
            "kid": "Nt-iMhraFScIOXP72dBnD-_yUYdO2ZiYVpmom_A-EkE",
            "name": "Legacy App Auth Server",
            "status": "ACTIVE"
          },
          "sensitive_attributes": [],
          "private": "bnVsbA==",
          "dependencies": [
            "module.app_legacy_oauth.data.okta_policy.mfa_policy",
            "module.app_legacy_oauth.okta_app_group_assignment.app_legacy_dev_group_assignment",
            "module.app_legacy_oauth.okta_app_group_assignment.app_legacy_int_group_assignment",
            "module.app_legacy_oauth.okta_app_group_assignment.app_legacy_qa_group_assignment",
            "module.app_legacy_oauth.okta_app_oauth.app_legacy_dev",
            "module.app_legacy_oauth.okta_app_oauth.app_legacy_int",
            "module.app_legacy_oauth.okta_app_oauth.app_legacy_qa",
            "okta_group.app_legacy"
          ]
        }
      ]
    },
    {
      "module": "module.okta_auth_server",
      "mode": "managed",
      "type": "okta_auth_server_policy",
      "name": "app_legacy_policy",
      "provider": "provider[\"registry.terraform.io/okta/okta\"]",
      "instances": [
        {
          "schema_version": 0,
          "attributes": {
            "auth_server_id": "ausp4z5382CeHuzZA5d7",
            "client_whitelist": [
              "0oaocmzbutFLGrRCv5d7",
              "0oaocmzbw7AqAA7KX5d7",
              "0oaocn07ht5sfd49v5d7"
            ],
            "description": "Policy that restricts access to app_legacy group members",
            "id": "00pp4z44j1Dds4MKC5d7",
            "name": "Legacy App Auth Server Policy",
            "priority": 1,
            "status": "ACTIVE"
          },
          "sensitive_attributes": [],
          "private": "bnVsbA==",
          "dependencies": [
            "module.app_legacy_oauth.data.okta_policy.mfa_policy",
            "module.app_legacy_oauth.okta_app_group_assignment.app_legacy_dev_group_assignment",
            "module.app_legacy_oauth.okta_app_group_assignment.app_legacy_int_group_assignment",
            "module.app_legacy_oauth.okta_app_group_assignment.app_legacy_qa_group_assignment",
            "module.app_legacy_oauth.okta_app_oauth.app_legacy_dev",
            "module.app_legacy_oauth.okta_app_oauth.app_legacy_int",
            "module.app_legacy_oauth.okta_app_oauth.app_legacy_qa",
            "module.okta_auth_server.okta_auth_server.custom_auth_server",
            "okta_group.app_legacy"
          ]
        }
      ]
    },
    {
      "module": "module.okta_auth_server",
      "mode": "managed",
      "type": "okta_auth_server_policy_rule",
      "name": "app_legacy_rule",
      "provider": "provider[\"registry.terraform.io/okta/okta\"]",
      "instances": [
        {
          "schema_version": 0,
          "attributes": {
            "access_token_lifetime_minutes": 60,
            "auth_server_id": "ausp4z5382CeHuzZA5d7",
            "grant_type_whitelist": [
              "authorization_code",
              "client_credentials",
              "urn:ietf:params:oauth:grant-type:device_code"
            ],
            "group_blacklist": [],
            "group_whitelist": [
              "00gocn0s8cL1ZfOiE5d7"
            ],
            "id": "0prp4zav6eAh2mY7l5d7",
            "inline_hook_id": null,
            "name": "App Legacy Group Access Rule",
            "policy_id": "00pp4z44j1Dds4MKC5d7",
            "priority": 1,
            "refresh_token_lifetime_minutes": 120,
            "refresh_token_window_minutes": 90,
            "scope_whitelist": [
              "serff_legacy_sso"
            ],
            "status": "ACTIVE",
            "system": false,
            "type": "RESOURCE_ACCESS",
            "user_blacklist": [],
            "user_whitelist": []
          },
          "sensitive_attributes": [],
          "private": "bnVsbA==",
          "dependencies": [
            "module.app_legacy_oauth.data.okta_policy.mfa_policy",
            "module.app_legacy_oauth.okta_app_group_assignment.app_legacy_dev_group_assignment",
            "module.app_legacy_oauth.okta_app_group_assignment.app_legacy_int_group_assignment",
            "module.app_legacy_oauth.okta_app_group_assignment.app_legacy_qa_group_assignment",
            "module.app_legacy_oauth.okta_app_oauth.app_legacy_dev",
            "module.app_legacy_oauth.okta_app_oauth.app_legacy_int",
            "module.app_legacy_oauth.okta_app_oauth.app_legacy_qa",
            "module.okta_auth_server.okta_auth_server.custom_auth_server",
            "module.okta_auth_server.okta_auth_server_policy.app_legacy_policy",
            "module.okta_auth_server.okta_auth_server_scope.serff_legacy_sso",
            "okta_group.app_legacy"
          ]
        }
      ]
    },
    {
      "module": "module.okta_auth_server",
      "mode": "managed",
      "type": "okta_auth_server_scope",
      "name": "serff_legacy_sso",
      "provider": "provider[\"registry.terraform.io/okta/okta\"]",
      "instances": [
        {
          "schema_version": 0,
          "attributes": {
            "auth_server_id": "ausp4z5382CeHuzZA5d7",
            "consent": "IMPLICIT",
            "default": true,
            "description": "Scope for SERFF legacy SSO",
            "display_name": "",
            "id": "scpp4zdgdeT0zKCt75d7",
            "metadata_publish": "ALL_CLIENTS",
            "name": "serff_legacy_sso",
            "optional": false,
            "system": false
          },
          "sensitive_attributes": [],
          "private": "bnVsbA==",
          "dependencies": [
            "module.app_legacy_oauth.data.okta_policy.mfa_policy",
            "module.app_legacy_oauth.okta_app_group_assignment.app_legacy_dev_group_assignment",
            "module.app_legacy_oauth.okta_app_group_assignment.app_legacy_int_group_assignment",
            "module.app_legacy_oauth.okta_app_group_assignment.app_legacy_qa_group_assignment",
            "module.app_legacy_oauth.okta_app_oauth.app_legacy_dev",
            "module.app_legacy_oauth.okta_app_oauth.app_legacy_int",
            "module.app_legacy_oauth.okta_app_oauth.app_legacy_qa",
            "module.okta_auth_server.okta_auth_server.custom_auth_server",
            "okta_group.app_legacy"
          ]
        }
      ]
    }
  ],
  "check_results": null
}
